// !$*UTF8*$!
{
	archiveVersion = 1;
	classes = {
	};
	objectVersion = 56;
	objects = {

/* Begin PBXBuildFile section */
		D13767D42BED59D9001F5227 /* CapitalData.swift in Sources */ = {isa = PBXBuildFile; fileRef = D13767D32BED59D9001F5227 /* CapitalData.swift */; };
		D146696C2BEA479A005A504E /* CountriesData.swift in Sources */ = {isa = PBXBuildFile; fileRef = D146696B2BEA479A005A504E /* CountriesData.swift */; };
		D146696E2BEA48D6005A504E /* correct1.wav in Resources */ = {isa = PBXBuildFile; fileRef = D146696D2BEA48D6005A504E /* correct1.wav */; };
		D14669702BEA4AFC005A504E /* wrong.wav in Resources */ = {isa = PBXBuildFile; fileRef = D146696F2BEA4AFC005A504E /* wrong.wav */; };
		D14669762BEAD0A6005A504E /* OpeningPageView.swift in Sources */ = {isa = PBXBuildFile; fileRef = D14669752BEAD0A6005A504E /* OpeningPageView.swift */; };
		D14669782BEAD166005A504E /* CapitalGameView.swift in Sources */ = {isa = PBXBuildFile; fileRef = D14669772BEAD166005A504E /* CapitalGameView.swift */; };
		D170C4F22BF157840036412F /* Troika 400.otf in Resources */ = {isa = PBXBuildFile; fileRef = D170C4F12BF157840036412F /* Troika 400.otf */; };
		D170C4F42BF15AD60036412F /* Azbuki-Regular.otf in Resources */ = {isa = PBXBuildFile; fileRef = D170C4F32BF15AD60036412F /* Azbuki-Regular.otf */; };
		D197BC342BE513C700D9E517 /* Country_flags_and_capitalsApp.swift in Sources */ = {isa = PBXBuildFile; fileRef = D197BC332BE513C700D9E517 /* Country_flags_and_capitalsApp.swift */; };
		D197BC362BE513C700D9E517 /* ContentView.swift in Sources */ = {isa = PBXBuildFile; fileRef = D197BC352BE513C700D9E517 /* ContentView.swift */; };
		D197BC382BE513C800D9E517 /* Assets.xcassets in Resources */ = {isa = PBXBuildFile; fileRef = D197BC372BE513C800D9E517 /* Assets.xcassets */; };
		D197BC3B2BE513C800D9E517 /* Preview Assets.xcassets in Resources */ = {isa = PBXBuildFile; fileRef = D197BC3A2BE513C800D9E517 /* Preview Assets.xcassets */; };
/* End PBXBuildFile section */

/* Begin PBXFileReference section */
		D13767D32BED59D9001F5227 /* CapitalData.swift */ = {isa = PBXFileReference; lastKnownFileType = sourcecode.swift; path = CapitalData.swift; sourceTree = "<group>"; };
		D146696B2BEA479A005A504E /* CountriesData.swift */ = {isa = PBXFileReference; lastKnownFileType = sourcecode.swift; path = CountriesData.swift; sourceTree = "<group>"; };
		D146696D2BEA48D6005A504E /* correct1.wav */ = {isa = PBXFileReference; lastKnownFileType = audio.wav; path = correct1.wav; sourceTree = "<group>"; };
		D146696F2BEA4AFC005A504E /* wrong.wav */ = {isa = PBXFileReference; lastKnownFileType = audio.wav; path = wrong.wav; sourceTree = "<group>"; };
		D14669752BEAD0A6005A504E /* OpeningPageView.swift */ = {isa = PBXFileReference; lastKnownFileType = sourcecode.swift; path = OpeningPageView.swift; sourceTree = "<group>"; };
		D14669772BEAD166005A504E /* CapitalGameView.swift */ = {isa = PBXFileReference; lastKnownFileType = sourcecode.swift; path = CapitalGameView.swift; sourceTree = "<group>"; };
		D170C4F12BF157840036412F /* Troika 400.otf */ = {isa = PBXFileReference; lastKnownFileType = file; path = "Troika 400.otf"; sourceTree = "<group>"; };
		D170C4F32BF15AD60036412F /* Azbuki-Regular.otf */ = {isa = PBXFileReference; lastKnownFileType = file; path = "Azbuki-Regular.otf"; sourceTree = "<group>"; };
		D170C4F52BF15C5A0036412F /* Country-flags-and-capitals-Info.plist */ = {isa = PBXFileReference; lastKnownFileType = text.plist; path = "Country-flags-and-capitals-Info.plist"; sourceTree = SOURCE_ROOT; };
		D197BC302BE513C700D9E517 /* Country flags and capitals.app */ = {isa = PBXFileReference; explicitFileType = wrapper.application; includeInIndex = 0; path = "Country flags and capitals.app"; sourceTree = BUILT_PRODUCTS_DIR; };
		D197BC332BE513C700D9E517 /* Country_flags_and_capitalsApp.swift */ = {isa = PBXFileReference; lastKnownFileType = sourcecode.swift; path = Country_flags_and_capitalsApp.swift; sourceTree = "<group>"; };
		D197BC352BE513C700D9E517 /* ContentView.swift */ = {isa = PBXFileReference; lastKnownFileType = sourcecode.swift; path = ContentView.swift; sourceTree = "<group>"; };
		D197BC372BE513C800D9E517 /* Assets.xcassets */ = {isa = PBXFileReference; lastKnownFileType = folder.assetcatalog; path = Assets.xcassets; sourceTree = "<group>"; };
		D197BC3A2BE513C800D9E517 /* Preview Assets.xcassets */ = {isa = PBXFileReference; lastKnownFileType = folder.assetcatalog; path = "Preview Assets.xcassets"; sourceTree = "<group>"; };
/* End PBXFileReference section */

/* Begin PBXFrameworksBuildPhase section */
		D197BC2D2BE513C700D9E517 /* Frameworks */ = {
			isa = PBXFrameworksBuildPhase;
			buildActionMask = 2147483647;
			files = (
			);
			runOnlyForDeploymentPostprocessing = 0;
		};
/* End PBXFrameworksBuildPhase section */

/* Begin PBXGroup section */
		D14F31962BE99A5E00AB307F /* Sounds */ = {
			isa = PBXGroup;
			children = (
				D146696F2BEA4AFC005A504E /* wrong.wav */,
				D146696D2BEA48D6005A504E /* correct1.wav */,
			);
			path = Sounds;
			sourceTree = "<group>";
		};
		D170C4F02BF1576F0036412F /* Fonts */ = {
			isa = PBXGroup;
			children = (
				D170C4F32BF15AD60036412F /* Azbuki-Regular.otf */,
				D170C4F12BF157840036412F /* Troika 400.otf */,
			);
			path = Fonts;
			sourceTree = "<group>";
		};
		D197BC272BE513C700D9E517 = {
			isa = PBXGroup;
			children = (
				D197BC322BE513C700D9E517 /* Country flags and capitals */,
				D197BC312BE513C700D9E517 /* Products */,
			);
			sourceTree = "<group>";
		};
		D197BC312BE513C700D9E517 /* Products */ = {
			isa = PBXGroup;
			children = (
				D197BC302BE513C700D9E517 /* Country flags and capitals.app */,
			);
			name = Products;
			sourceTree = "<group>";
		};
		D197BC322BE513C700D9E517 /* Country flags and capitals */ = {
			isa = PBXGroup;
			children = (
				D170C4F52BF15C5A0036412F /* Country-flags-and-capitals-Info.plist */,
				D197BC332BE513C700D9E517 /* Country_flags_and_capitalsApp.swift */,
				D13767D32BED59D9001F5227 /* CapitalData.swift */,
				D146696B2BEA479A005A504E /* CountriesData.swift */,
				D197BC352BE513C700D9E517 /* ContentView.swift */,
				D14669772BEAD166005A504E /* CapitalGameView.swift */,
				D14669752BEAD0A6005A504E /* OpeningPageView.swift */,
				D197BC372BE513C800D9E517 /* Assets.xcassets */,
				D170C4F02BF1576F0036412F /* Fonts */,
				D14F31962BE99A5E00AB307F /* Sounds */,
				D197BC392BE513C800D9E517 /* Preview Content */,
			);
			path = "Country flags and capitals";
			sourceTree = "<group>";
		};
		D197BC392BE513C800D9E517 /* Preview Content */ = {
			isa = PBXGroup;
			children = (
				D197BC3A2BE513C800D9E517 /* Preview Assets.xcassets */,
			);
			path = "Preview Content";
			sourceTree = "<group>";
		};
/* End PBXGroup section */

/* Begin PBXNativeTarget section */
		D197BC2F2BE513C700D9E517 /* Country flags and capitals */ = {
			isa = PBXNativeTarget;
			buildConfigurationList = D197BC3E2BE513C800D9E517 /* Build configuration list for PBXNativeTarget "Country flags and capitals" */;
			buildPhases = (
				D197BC2C2BE513C700D9E517 /* Sources */,
				D197BC2D2BE513C700D9E517 /* Frameworks */,
				D197BC2E2BE513C700D9E517 /* Resources */,
			);
			buildRules = (
			);
			dependencies = (
			);
			name = "Country flags and capitals";
			productName = "Country flags and capitals";
			productReference = D197BC302BE513C700D9E517 /* Country flags and capitals.app */;
			productType = "com.apple.product-type.application";
		};
/* End PBXNativeTarget section */

/* Begin PBXProject section */
		D197BC282BE513C700D9E517 /* Project object */ = {
			isa = PBXProject;
			attributes = {
				BuildIndependentTargetsInParallel = 1;
				LastSwiftUpdateCheck = 1530;
				LastUpgradeCheck = 1530;
				TargetAttributes = {
					D197BC2F2BE513C700D9E517 = {
						CreatedOnToolsVersion = 15.3;
					};
				};
			};
			buildConfigurationList = D197BC2B2BE513C700D9E517 /* Build configuration list for PBXProject "Country flags and capitals" */;
			compatibilityVersion = "Xcode 14.0";
			developmentRegion = en;
			hasScannedForEncodings = 0;
			knownRegions = (
				en,
				Base,
			);
			mainGroup = D197BC272BE513C700D9E517;
			productRefGroup = D197BC312BE513C700D9E517 /* Products */;
			projectDirPath = "";
			projectRoot = "";
			targets = (
				D197BC2F2BE513C700D9E517 /* Country flags and capitals */,
			);
		};
/* End PBXProject section */

/* Begin PBXResourcesBuildPhase section */
		D197BC2E2BE513C700D9E517 /* Resources */ = {
			isa = PBXResourcesBuildPhase;
			buildActionMask = 2147483647;
			files = (
				D170C4F42BF15AD60036412F /* Azbuki-Regular.otf in Resources */,
				D197BC3B2BE513C800D9E517 /* Preview Assets.xcassets in Resources */,
				D197BC382BE513C800D9E517 /* Assets.xcassets in Resources */,
				D14669702BEA4AFC005A504E /* wrong.wav in Resources */,
				D146696E2BEA48D6005A504E /* correct1.wav in Resources */,
				D170C4F22BF157840036412F /* Troika 400.otf in Resources */,
			);
			runOnlyForDeploymentPostprocessing = 0;
		};
/* End PBXResourcesBuildPhase section */

/* Begin PBXSourcesBuildPhase section */
		D197BC2C2BE513C700D9E517 /* Sources */ = {
			isa = PBXSourcesBuildPhase;
			buildActionMask = 2147483647;
			files = (
				D14669762BEAD0A6005A504E /* OpeningPageView.swift in Sources */,
				D197BC362BE513C700D9E517 /* ContentView.swift in Sources */,
				D13767D42BED59D9001F5227 /* CapitalData.swift in Sources */,
				D146696C2BEA479A005A504E /* CountriesData.swift in Sources */,
				D14669782BEAD166005A504E /* CapitalGameView.swift in Sources */,
				D197BC342BE513C700D9E517 /* Country_flags_and_capitalsApp.swift in Sources */,
			);
			runOnlyForDeploymentPostprocessing = 0;
		};
/* End PBXSourcesBuildPhase section */

/* Begin XCBuildConfiguration section */
		D197BC3C2BE513C800D9E517 /* Debug */ = {
			isa = XCBuildConfiguration;
			buildSettings = {
				ALWAYS_SEARCH_USER_PATHS = NO;
				ASSETCATALOG_COMPILER_GENERATE_SWIFT_ASSET_SYMBOL_EXTENSIONS = YES;
				CLANG_ANALYZER_NONNULL = YES;
				CLANG_ANALYZER_NUMBER_OBJECT_CONVERSION = YES_AGGRESSIVE;
				CLANG_CXX_LANGUAGE_STANDARD = "gnu++20";
				CLANG_ENABLE_MODULES = YES;
				CLANG_ENABLE_OBJC_ARC = YES;
				CLANG_ENABLE_OBJC_WEAK = YES;
				CLANG_WARN_BLOCK_CAPTURE_AUTORELEASING = YES;
				CLANG_WARN_BOOL_CONVERSION = YES;
				CLANG_WARN_COMMA = YES;
				CLANG_WARN_CONSTANT_CONVERSION = YES;
				CLANG_WARN_DEPRECATED_OBJC_IMPLEMENTATIONS = YES;
				CLANG_WARN_DIRECT_OBJC_ISA_USAGE = YES_ERROR;
				CLANG_WARN_DOCUMENTATION_COMMENTS = YES;
				CLANG_WARN_EMPTY_BODY = YES;
				CLANG_WARN_ENUM_CONVERSION = YES;
				CLANG_WARN_INFINITE_RECURSION = YES;
				CLANG_WARN_INT_CONVERSION = YES;
				CLANG_WARN_NON_LITERAL_NULL_CONVERSION = YES;
				CLANG_WARN_OBJC_IMPLICIT_RETAIN_SELF = YES;
				CLANG_WARN_OBJC_LITERAL_CONVERSION = YES;
				CLANG_WARN_OBJC_ROOT_CLASS = YES_ERROR;
				CLANG_WARN_QUOTED_INCLUDE_IN_FRAMEWORK_HEADER = YES;
				CLANG_WARN_RANGE_LOOP_ANALYSIS = YES;
				CLANG_WARN_STRICT_PROTOTYPES = YES;
				CLANG_WARN_SUSPICIOUS_MOVE = YES;
				CLANG_WARN_UNGUARDED_AVAILABILITY = YES_AGGRESSIVE;
				CLANG_WARN_UNREACHABLE_CODE = YES;
				CLANG_WARN__DUPLICATE_METHOD_MATCH = YES;
				COPY_PHASE_STRIP = NO;
				DEBUG_INFORMATION_FORMAT = dwarf;
				ENABLE_STRICT_OBJC_MSGSEND = YES;
				ENABLE_TESTABILITY = YES;
				ENABLE_USER_SCRIPT_SANDBOXING = YES;
				GCC_C_LANGUAGE_STANDARD = gnu17;
				GCC_DYNAMIC_NO_PIC = NO;
				GCC_NO_COMMON_BLOCKS = YES;
				GCC_OPTIMIZATION_LEVEL = 0;
				GCC_PREPROCESSOR_DEFINITIONS = (
					"DEBUG=1",
					"$(inherited)",
				);
				GCC_WARN_64_TO_32_BIT_CONVERSION = YES;
				GCC_WARN_ABOUT_RETURN_TYPE = YES_ERROR;
				GCC_WARN_UNDECLARED_SELECTOR = YES;
				GCC_WARN_UNINITIALIZED_AUTOS = YES_AGGRESSIVE;
				GCC_WARN_UNUSED_FUNCTION = YES;
				GCC_WARN_UNUSED_VARIABLE = YES;
				IPHONEOS_DEPLOYMENT_TARGET = 17.4;
				LOCALIZATION_PREFERS_STRING_CATALOGS = YES;
				MTL_ENABLE_DEBUG_INFO = INCLUDE_SOURCE;
				MTL_FAST_MATH = YES;
				ONLY_ACTIVE_ARCH = YES;
				SDKROOT = iphoneos;
				SWIFT_ACTIVE_COMPILATION_CONDITIONS = "DEBUG $(inherited)";
				SWIFT_OPTIMIZATION_LEVEL = "-Onone";
			};
			name = Debug;
		};
		D197BC3D2BE513C800D9E517 /* Release */ = {
			isa = XCBuildConfiguration;
			buildSettings = {
				ALWAYS_SEARCH_USER_PATHS = NO;
				ASSETCATALOG_COMPILER_GENERATE_SWIFT_ASSET_SYMBOL_EXTENSIONS = YES;
				CLANG_ANALYZER_NONNULL = YES;
				CLANG_ANALYZER_NUMBER_OBJECT_CONVERSION = YES_AGGRESSIVE;
				CLANG_CXX_LANGUAGE_STANDARD = "gnu++20";
				CLANG_ENABLE_MODULES = YES;
				CLANG_ENABLE_OBJC_ARC = YES;
				CLANG_ENABLE_OBJC_WEAK = YES;
				CLANG_WARN_BLOCK_CAPTURE_AUTORELEASING = YES;
				CLANG_WARN_BOOL_CONVERSION = YES;
				CLANG_WARN_COMMA = YES;
				CLANG_WARN_CONSTANT_CONVERSION = YES;
				CLANG_WARN_DEPRECATED_OBJC_IMPLEMENTATIONS = YES;
				CLANG_WARN_DIRECT_OBJC_ISA_USAGE = YES_ERROR;
				CLANG_WARN_DOCUMENTATION_COMMENTS = YES;
				CLANG_WARN_EMPTY_BODY = YES;
				CLANG_WARN_ENUM_CONVERSION = YES;
				CLANG_WARN_INFINITE_RECURSION = YES;
				CLANG_WARN_INT_CONVERSION = YES;
				CLANG_WARN_NON_LITERAL_NULL_CONVERSION = YES;
				CLANG_WARN_OBJC_IMPLICIT_RETAIN_SELF = YES;
				CLANG_WARN_OBJC_LITERAL_CONVERSION = YES;
				CLANG_WARN_OBJC_ROOT_CLASS = YES_ERROR;
				CLANG_WARN_QUOTED_INCLUDE_IN_FRAMEWORK_HEADER = YES;
				CLANG_WARN_RANGE_LOOP_ANALYSIS = YES;
				CLANG_WARN_STRICT_PROTOTYPES = YES;
				CLANG_WARN_SUSPICIOUS_MOVE = YES;
				CLANG_WARN_UNGUARDED_AVAILABILITY = YES_AGGRESSIVE;
				CLANG_WARN_UNREACHABLE_CODE = YES;
				CLANG_WARN__DUPLICATE_METHOD_MATCH = YES;
				COPY_PHASE_STRIP = NO;
				DEBUG_INFORMATION_FORMAT = "dwarf-with-dsym";
				ENABLE_NS_ASSERTIONS = NO;
				ENABLE_STRICT_OBJC_MSGSEND = YES;
				ENABLE_USER_SCRIPT_SANDBOXING = YES;
				GCC_C_LANGUAGE_STANDARD = gnu17;
				GCC_NO_COMMON_BLOCKS = YES;
				GCC_WARN_64_TO_32_BIT_CONVERSION = YES;
				GCC_WARN_ABOUT_RETURN_TYPE = YES_ERROR;
				GCC_WARN_UNDECLARED_SELECTOR = YES;
				GCC_WARN_UNINITIALIZED_AUTOS = YES_AGGRESSIVE;
				GCC_WARN_UNUSED_FUNCTION = YES;
				GCC_WARN_UNUSED_VARIABLE = YES;
				IPHONEOS_DEPLOYMENT_TARGET = 17.4;
				LOCALIZATION_PREFERS_STRING_CATALOGS = YES;
				MTL_ENABLE_DEBUG_INFO = NO;
				MTL_FAST_MATH = YES;
				SDKROOT = iphoneos;
				SWIFT_COMPILATION_MODE = wholemodule;
				VALIDATE_PRODUCT = YES;
			};
			name = Release;
		};
		D197BC3F2BE513C800D9E517 /* Debug */ = {
			isa = XCBuildConfiguration;
			buildSettings = {
				ASSETCATALOG_COMPILER_APPICON_NAME = AppIcon;
				ASSETCATALOG_COMPILER_GLOBAL_ACCENT_COLOR_NAME = AccentColor;
				CODE_SIGN_STYLE = Automatic;
				CURRENT_PROJECT_VERSION = 1;
				DEVELOPMENT_ASSET_PATHS = "\"Country flags and capitals/Preview Content\"";
				DEVELOPMENT_TEAM = 5TJPWC3QB8;
				ENABLE_PREVIEWS = YES;
				GENERATE_INFOPLIST_FILE = YES;
				INFOPLIST_FILE = "Country-flags-and-capitals-Info.plist";
				INFOPLIST_KEY_LSApplicationCategoryType = "";
				INFOPLIST_KEY_UIApplicationSceneManifest_Generation = YES;
				INFOPLIST_KEY_UIApplicationSupportsIndirectInputEvents = YES;
				INFOPLIST_KEY_UILaunchScreen_Generation = YES;
				INFOPLIST_KEY_UISupportedInterfaceOrientations_iPad = "UIInterfaceOrientationPortrait UIInterfaceOrientationPortraitUpsideDown UIInterfaceOrientationLandscapeLeft UIInterfaceOrientationLandscapeRight";
				INFOPLIST_KEY_UISupportedInterfaceOrientations_iPhone = "UIInterfaceOrientationPortrait UIInterfaceOrientationLandscapeLeft UIInterfaceOrientationLandscapeRight";
				LD_RUNPATH_SEARCH_PATHS = (
					"$(inherited)",
					"@executable_path/Frameworks",
				);
				MARKETING_VERSION = 1.0;
				PRODUCT_BUNDLE_IDENTIFIER = "Angelov.Dimitar.Country-flags-and-capitals";
				PRODUCT_NAME = "$(TARGET_NAME)";
				SWIFT_EMIT_LOC_STRINGS = YES;
				SWIFT_VERSION = 5.0;
				TARGETED_DEVICE_FAMILY = "1,2";
			};
			name = Debug;
		};
		D197BC402BE513C800D9E517 /* Release */ = {
			isa = XCBuildConfiguration;
			buildSettings = {
				ASSETCATALOG_COMPILER_APPICON_NAME = AppIcon;
				ASSETCATALOG_COMPILER_GLOBAL_ACCENT_COLOR_NAME = AccentColor;
				CODE_SIGN_STYLE = Automatic;
				CURRENT_PROJECT_VERSION = 1;
				DEVELOPMENT_ASSET_PATHS = "\"Country flags and capitals/Preview Content\"";
				DEVELOPMENT_TEAM = 5TJPWC3QB8;
				ENABLE_PREVIEWS = YES;
				GENERATE_INFOPLIST_FILE = YES;
				INFOPLIST_FILE = "Country-flags-and-capitals-Info.plist";
				INFOPLIST_KEY_LSApplicationCategoryType = "";
				INFOPLIST_KEY_UIApplicationSceneManifest_Generation = YES;
				INFOPLIST_KEY_UIApplicationSupportsIndirectInputEvents = YES;
				INFOPLIST_KEY_UILaunchScreen_Generation = YES;
				INFOPLIST_KEY_UISupportedInterfaceOrientations_iPad = "UIInterfaceOrientationPortrait UIInterfaceOrientationPortraitUpsideDown UIInterfaceOrientationLandscapeLeft UIInterfaceOrientationLandscapeRight";
				INFOPLIST_KEY_UISupportedInterfaceOrientations_iPhone = "UIInterfaceOrientationPortrait UIInterfaceOrientationLandscapeLeft UIInterfaceOrientationLandscapeRight";
				LD_RUNPATH_SEARCH_PATHS = (
					"$(inherited)",
					"@executable_path/Frameworks",
				);
				MARKETING_VERSION = 1.0;
				PRODUCT_BUNDLE_IDENTIFIER = "Angelov.Dimitar.Country-flags-and-capitals";
				PRODUCT_NAME = "$(TARGET_NAME)";
				SWIFT_EMIT_LOC_STRINGS = YES;
				SWIFT_VERSION = 5.0;
				TARGETED_DEVICE_FAMILY = "1,2";
			};
			name = Release;
		};
/* End XCBuildConfiguration section */

/* Begin XCConfigurationList section */
		D197BC2B2BE513C700D9E517 /* Build configuration list for PBXProject "Country flags and capitals" */ = {
			isa = XCConfigurationList;
			buildConfigurations = (
				D197BC3C2BE513C800D9E517 /* Debug */,
				D197BC3D2BE513C800D9E517 /* Release */,
			);
			defaultConfigurationIsVisible = 0;
			defaultConfigurationName = Release;
		};
		D197BC3E2BE513C800D9E517 /* Build configuration list for PBXNativeTarget "Country flags and capitals" */ = {
			isa = XCConfigurationList;
			buildConfigurations = (
				D197BC3F2BE513C800D9E517 /* Debug */,
				D197BC402BE513C800D9E517 /* Release */,
			);
			defaultConfigurationIsVisible = 0;
			defaultConfigurationName = Release;
		};
/* End XCConfigurationList section */
	};
	rootObject = D197BC282BE513C700D9E517 /* Project object */;
}
